
Microsoft Visual Studio Solution File, Format Version 12.00
Project("{FAE04EC0-301F-11D3-BF4B-00C04F79EFBC}") = "BashSharp", "BashSharp\BashSharp.csproj", "{0C97B3F5-A9FF-451A-807A-DFA686CEFD69}"
EndProject
Project("{FAE04EC0-301F-11D3-BF4B-00C04F79EFBC}") = "BashSharpTests", "BashSharpTests\BashSharpTests.csproj", "{B9BF0240-BEE7-4541-BA44-AD687D91959F}"
EndProject
Global
	GlobalSection(SolutionConfigurationPlatforms) = preSolution
		Debug|Any CPU = Debug|Any CPU
		Release|Any CPU = Release|Any CPU
	EndGlobalSection
	GlobalSection(ProjectConfigurationPlatforms) = postSolution
		{0C97B3F5-A9FF-451A-807A-DFA686CEFD69}.Debug|Any CPU.ActiveCfg = Debug|Any CPU
		{0C97B3F5-A9FF-451A-807A-DFA686CEFD69}.Debug|Any CPU.Build.0 = Debug|Any CPU
		{0C97B3F5-A9FF-451A-807A-DFA686CEFD69}.Release|Any CPU.ActiveCfg = Release|Any CPU
		{0C97B3F5-A9FF-451A-807A-DFA686CEFD69}.Release|Any CPU.Build.0 = Release|Any CPU
		{B9BF0240-BEE7-4541-BA44-AD687D91959F}.Debug|Any CPU.ActiveCfg = Debug|Any CPU
		{B9BF0240-BEE7-4541-BA44-AD687D91959F}.Debug|Any CPU.Build.0 = Debug|Any CPU
		{B9BF0240-BEE7-4541-BA44-AD687D91959F}.Release|Any CPU.ActiveCfg = Release|Any CPU
		{B9BF0240-BEE7-4541-BA44-AD687D91959F}.Release|Any CPU.Build.0 = Release|Any CPU
	EndGlobalSection
EndGlobal
